// !$*UTF8*$!
{
	archiveVersion = 1;
	classes = {
	};
	objectVersion = 46;
	objects = {

/* Begin PBXBuildFile section */
		82E6E9221E1E3AB100E18AD3 /* AppDelegate.swift in Sources */ = {isa = PBXBuildFile; fileRef = 82E6E9211E1E3AB100E18AD3 /* AppDelegate.swift */; };
		82E6E9241E1E3AB100E18AD3 /* Assets.xcassets in Resources */ = {isa = PBXBuildFile; fileRef = 82E6E9231E1E3AB100E18AD3 /* Assets.xcassets */; };
		82E6E9271E1E3AB100E18AD3 /* MainMenu.xib in Resources */ = {isa = PBXBuildFile; fileRef = 82E6E9251E1E3AB100E18AD3 /* MainMenu.xib */; };
		82E6E9301E1E440300E18AD3 /* ImageCard.xib in Resources */ = {isa = PBXBuildFile; fileRef = 82E6E92F1E1E440300E18AD3 /* ImageCard.xib */; };
		82E6E9321E1E496300E18AD3 /* FileCard.xib in Resources */ = {isa = PBXBuildFile; fileRef = 82E6E9311E1E496300E18AD3 /* FileCard.xib */; };
		82E6E9341E1E4ABB00E18AD3 /* FileObject.swift in Sources */ = {isa = PBXBuildFile; fileRef = 82E6E9331E1E4ABB00E18AD3 /* FileObject.swift */; };
/* End PBXBuildFile section */

/* Begin PBXFileReference section */
		82E6E91E1E1E3AB100E18AD3 /* SwiftFileCards.app */ = {isa = PBXFileReference; explicitFileType = wrapper.application; includeInIndex = 0; path = SwiftFileCards.app; sourceTree = BUILT_PRODUCTS_DIR; };
		82E6E9211E1E3AB100E18AD3 /* AppDelegate.swift */ = {isa = PBXFileReference; lastKnownFileType = sourcecode.swift; path = AppDelegate.swift; sourceTree = "<group>"; };
		82E6E9231E1E3AB100E18AD3 /* Assets.xcassets */ = {isa = PBXFileReference; lastKnownFileType = folder.assetcatalog; path = Assets.xcassets; sourceTree = "<group>"; };
		82E6E9261E1E3AB100E18AD3 /* Base */ = {isa = PBXFileReference; lastKnownFileType = file.xib; name = Base; path = Base.lproj/MainMenu.xib; sourceTree = "<group>"; };
		82E6E9281E1E3AB100E18AD3 /* Info.plist */ = {isa = PBXFileReference; lastKnownFileType = text.plist.xml; path = Info.plist; sourceTree = "<group>"; };
		82E6E92F1E1E440300E18AD3 /* ImageCard.xib */ = {isa = PBXFileReference; fileEncoding = 4; lastKnownFileType = file.xib; path = ImageCard.xib; sourceTree = "<group>"; };
		82E6E9311E1E496300E18AD3 /* FileCard.xib */ = {isa = PBXFileReference; fileEncoding = 4; lastKnownFileType = file.xib; path = FileCard.xib; sourceTree = "<group>"; };
		82E6E9331E1E4ABB00E18AD3 /* FileObject.swift */ = {isa = PBXFileReference; fileEncoding = 4; lastKnownFileType = sourcecode.swift; path = FileObject.swift; sourceTree = "<group>"; };
/* End PBXFileReference section */

/* Begin PBXFrameworksBuildPhase section */
		82E6E91B1E1E3AB100E18AD3 /* Frameworks */ = {
			isa = PBXFrameworksBuildPhase;
			buildActionMask = 2147483647;
			files = (
			);
			runOnlyForDeploymentPostprocessing = 0;
		};
/* End PBXFrameworksBuildPhase section */

/* Begin PBXGroup section */
		82E6E9151E1E3AB100E18AD3 = {
			isa = PBXGroup;
			children = (
				82E6E9201E1E3AB100E18AD3 /* SwiftFileCards */,
				82E6E91F1E1E3AB100E18AD3 /* Products */,
			);
			sourceTree = "<group>";
		};
		82E6E91F1E1E3AB100E18AD3 /* Products */ = {
			isa = PBXGroup;
			children = (
				82E6E91E1E1E3AB100E18AD3 /* SwiftFileCards.app */,
			);
			name = Products;
			sourceTree = "<group>";
		};
		82E6E9201E1E3AB100E18AD3 /* SwiftFileCards */ = {
			isa = PBXGroup;
			children = (
				82E6E92E1E1E3B3E00E18AD3 /* Ressources */,
				82E6E9211E1E3AB100E18AD3 /* AppDelegate.swift */,
				82E6E9331E1E4ABB00E18AD3 /* FileObject.swift */,
				82E6E9231E1E3AB100E18AD3 /* Assets.xcassets */,
				82E6E9281E1E3AB100E18AD3 /* Info.plist */,
			);
			path = SwiftFileCards;
			sourceTree = "<group>";
		};
		82E6E92E1E1E3B3E00E18AD3 /* Ressources */ = {
			isa = PBXGroup;
			children = (
				82E6E9251E1E3AB100E18AD3 /* MainMenu.xib */,
				82E6E92F1E1E440300E18AD3 /* ImageCard.xib */,
				82E6E9311E1E496300E18AD3 /* FileCard.xib */,
			);
			name = Ressources;
			sourceTree = "<group>";
		};
/* End PBXGroup section */

/* Begin PBXNativeTarget section */
		82E6E91D1E1E3AB100E18AD3 /* SwiftFileCards */ = {
			isa = PBXNativeTarget;
			buildConfigurationList = 82E6E92B1E1E3AB100E18AD3 /* Build configuration list for PBXNativeTarget "SwiftFileCards" */;
			buildPhases = (
				82E6E91A1E1E3AB100E18AD3 /* Sources */,
				82E6E91B1E1E3AB100E18AD3 /* Frameworks */,
				82E6E91C1E1E3AB100E18AD3 /* Resources */,
			);
			buildRules = (
			);
			dependencies = (
			);
			name = SwiftFileCards;
			productName = SwiftFileCards;
			productReference = 82E6E91E1E1E3AB100E18AD3 /* SwiftFileCards.app */;
			productType = "com.apple.product-type.application";
		};
/* End PBXNativeTarget section */

/* Begin PBXProject section */
		82E6E9161E1E3AB100E18AD3 /* Project object */ = {
			isa = PBXProject;
			attributes = {
				LastSwiftUpdateCheck = 0810;
				LastUpgradeCheck = 0810;
				ORGANIZATIONNAME = "Cédric Ponchy";
				TargetAttributes = {
					82E6E91D1E1E3AB100E18AD3 = {
						CreatedOnToolsVersion = 8.1;
						ProvisioningStyle = Automatic;
					};
				};
			};
			buildConfigurationList = 82E6E9191E1E3AB100E18AD3 /* Build configuration list for PBXProject "SwiftFileCards" */;
			compatibilityVersion = "Xcode 3.2";
			developmentRegion = English;
			hasScannedForEncodings = 0;
			knownRegions = (
				en,
				Base,
			);
			mainGroup = 82E6E9151E1E3AB100E18AD3;
			productRefGroup = 82E6E91F1E1E3AB100E18AD3 /* Products */;
			projectDirPath = "";
			projectRoot = "";
			targets = (
				82E6E91D1E1E3AB100E18AD3 /* SwiftFileCards */,
			);
		};
/* End PBXProject section */

/* Begin PBXResourcesBuildPhase section */
		82E6E91C1E1E3AB100E18AD3 /* Resources */ = {
			isa = PBXResourcesBuildPhase;
			buildActionMask = 2147483647;
			files = (
				82E6E9301E1E440300E18AD3 /* ImageCard.xib in Resources */,
				82E6E9241E1E3AB100E18AD3 /* Assets.xcassets in Resources */,
				82E6E9271E1E3AB100E18AD3 /* MainMenu.xib in Resources */,
				82E6E9321E1E496300E18AD3 /* FileCard.xib in Resources */,
			);
			runOnlyForDeploymentPostprocessing = 0;
		};
/* End PBXResourcesBuildPhase section */

/* Begin PBXSourcesBuildPhase section */
		82E6E91A1E1E3AB100E18AD3 /* Sources */ = {
			isa = PBXSourcesBuildPhase;
			buildActionMask = 2147483647;
			files = (
				82E6E9341E1E4ABB00E18AD3 /* FileObject.swift in Sources */,
				82E6E9221E1E3AB100E18AD3 /* AppDelegate.swift in Sources */,
			);
			runOnlyForDeploymentPostprocessing = 0;
		};
/* End PBXSourcesBuildPhase section */

/* Begin PBXVariantGroup section */
		82E6E9251E1E3AB100E18AD3 /* MainMenu.xib */ = {
			isa = PBXVariantGroup;
			children = (
				82E6E9261E1E3AB100E18AD3 /* Base */,
			);
			name = MainMenu.xib;
			sourceTree = "<group>";
		};
/* End PBXVariantGroup section */

/* Begin XCBuildConfiguration section */
		82E6E9291E1E3AB100E18AD3 /* Debug */ = {
			isa = XCBuildConfiguration;
			buildSettings = {
				ALWAYS_SEARCH_USER_PATHS = NO;
				CLANG_ANALYZER_NONNULL = YES;
				CLANG_CXX_LANGUAGE_STANDARD = "gnu++0x";
				CLANG_CXX_LIBRARY = "libc++";
				CLANG_ENABLE_MODULES = YES;
				CLANG_ENABLE_OBJC_ARC = YES;
				CLANG_WARN_BOOL_CONVERSION = YES;
				CLANG_WARN_CONSTANT_CONVERSION = YES;
				CLANG_WARN_DIRECT_OBJC_ISA_USAGE = YES_ERROR;
				CLANG_WARN_DOCUMENTATION_COMMENTS = YES;
				CLANG_WARN_EMPTY_BODY = YES;
				CLANG_WARN_ENUM_CONVERSION = YES;
				CLANG_WARN_INFINITE_RECURSION = YES;
				CLANG_WARN_INT_CONVERSION = YES;
				CLANG_WARN_OBJC_ROOT_CLASS = YES_ERROR;
				CLANG_WARN_SUSPICIOUS_MOVES = YES;
				CLANG_WARN_UNREACHABLE_CODE = YES;
				CLANG_WARN__DUPLICATE_METHOD_MATCH = YES;
				CODE_SIGN_IDENTITY = "-";
				COPY_PHASE_STRIP = NO;
				DEBUG_INFORMATION_FORMAT = dwarf;
				ENABLE_STRICT_OBJC_MSGSEND = YES;
				ENABLE_TESTABILITY = YES;
				GCC_C_LANGUAGE_STANDARD = gnu99;
				GCC_DYNAMIC_NO_PIC = NO;
				GCC_NO_COMMON_BLOCKS = YES;
				GCC_OPTIMIZATION_LEVEL = 0;
				GCC_PREPROCESSOR_DEFINITIONS = (
					"DEBUG=1",
					"$(inherited)",
				);
				GCC_WARN_64_TO_32_BIT_CONVERSION = YES;
				GCC_WARN_ABOUT_RETURN_TYPE = YES_ERROR;
				GCC_WARN_UNDECLARED_SELECTOR = YES;
				GCC_WARN_UNINITIALIZED_AUTOS = YES_AGGRESSIVE;
				GCC_WARN_UNUSED_FUNCTION = YES;
				GCC_WARN_UNUSED_VARIABLE = YES;
				MACOSX_DEPLOYMENT_TARGET = 10.11;
				MTL_ENABLE_DEBUG_INFO = YES;
				ONLY_ACTIVE_ARCH = YES;
				SDKROOT = macosx;
				SWIFT_ACTIVE_COMPILATION_CONDITIONS = DEBUG;
				SWIFT_OPTIMIZATION_LEVEL = "-Onone";
			};
			name = Debug;
		};
		82E6E92A1E1E3AB100E18AD3 /* Release */ = {
			isa = XCBuildConfiguration;
			buildSettings = {
				ALWAYS_SEARCH_USER_PATHS = NO;
				CLANG_ANALYZER_NONNULL = YES;
				CLANG_CXX_LANGUAGE_STANDARD = "gnu++0x";
				CLANG_CXX_LIBRARY = "libc++";
				CLANG_ENABLE_MODULES = YES;
				CLANG_ENABLE_OBJC_ARC = YES;
				CLANG_WARN_BOOL_CONVERSION = YES;
				CLANG_WARN_CONSTANT_CONVERSION = YES;
				CLANG_WARN_DIRECT_OBJC_ISA_USAGE = YES_ERROR;
				CLANG_WARN_DOCUMENTATION_COMMENTS = YES;
				CLANG_WARN_EMPTY_BODY = YES;
				CLANG_WARN_ENUM_CONVERSION = YES;
				CLANG_WARN_INFINITE_RECURSION = YES;
				CLANG_WARN_INT_CONVERSION = YES;
				CLANG_WARN_OBJC_ROOT_CLASS = YES_ERROR;
				CLANG_WARN_SUSPICIOUS_MOVES = YES;
				CLANG_WARN_UNREACHABLE_CODE = YES;
				CLANG_WARN__DUPLICATE_METHOD_MATCH = YES;
				CODE_SIGN_IDENTITY = "-";
				COPY_PHASE_STRIP = NO;
				DEBUG_INFORMATION_FORMAT = "dwarf-with-dsym";
				ENABLE_NS_ASSERTIONS = NO;
				ENABLE_STRICT_OBJC_MSGSEND = YES;
				GCC_C_LANGUAGE_STANDARD = gnu99;
				GCC_NO_COMMON_BLOCKS = YES;
				GCC_WARN_64_TO_32_BIT_CONVERSION = YES;
				GCC_WARN_ABOUT_RETURN_TYPE = YES_ERROR;
				GCC_WARN_UNDECLARED_SELECTOR = YES;
				GCC_WARN_UNINITIALIZED_AUTOS = YES_AGGRESSIVE;
				GCC_WARN_UNUSED_FUNCTION = YES;
				GCC_WARN_UNUSED_VARIABLE = YES;
				MACOSX_DEPLOYMENT_TARGET = 10.11;
				MTL_ENABLE_DEBUG_INFO = NO;
				SDKROOT = macosx;
				SWIFT_OPTIMIZATION_LEVEL = "-Owholemodule";
			};
			name = Release;
		};
		82E6E92C1E1E3AB100E18AD3 /* Debug */ = {
			isa = XCBuildConfiguration;
			buildSettings = {
				ASSETCATALOG_COMPILER_APPICON_NAME = AppIcon;
				COMBINE_HIDPI_IMAGES = YES;
				INFOPLIST_FILE = SwiftFileCards/Info.plist;
				LD_RUNPATH_SEARCH_PATHS = "$(inherited) @executable_path/../Frameworks";
				PRODUCT_BUNDLE_IDENTIFIER = cedricponchy.SwiftFileCards;
				PRODUCT_NAME = "$(TARGET_NAME)";
				SWIFT_VERSION = 3.0;
			};
			name = Debug;
		};
		82E6E92D1E1E3AB100E18AD3 /* Release */ = {
			isa = XCBuildConfiguration;
			buildSettings = {
				ASSETCATALOG_COMPILER_APPICON_NAME = AppIcon;
				COMBINE_HIDPI_IMAGES = YES;
				INFOPLIST_FILE = SwiftFileCards/Info.plist;
				LD_RUNPATH_SEARCH_PATHS = "$(inherited) @executable_path/../Frameworks";
				PRODUCT_BUNDLE_IDENTIFIER = cedricponchy.SwiftFileCards;
				PRODUCT_NAME = "$(TARGET_NAME)";
				SWIFT_VERSION = 3.0;
			};
			name = Release;
		};
/* End XCBuildConfiguration section */

/* Begin XCConfigurationList section */
		82E6E9191E1E3AB100E18AD3 /* Build configuration list for PBXProject "SwiftFileCards" */ = {
			isa = XCConfigurationList;
			buildConfigurations = (
				82E6E9291E1E3AB100E18AD3 /* Debug */,
				82E6E92A1E1E3AB100E18AD3 /* Release */,
			);
			defaultConfigurationIsVisible = 0;
			defaultConfigurationName = Release;
		};
		82E6E92B1E1E3AB100E18AD3 /* Build configuration list for PBXNativeTarget "SwiftFileCards" */ = {
			isa = XCConfigurationList;
			buildConfigurations = (
				82E6E92C1E1E3AB100E18AD3 /* Debug */,
				82E6E92D1E1E3AB100E18AD3 /* Release */,
			);
			defaultConfigurationIsVisible = 0;
		};
/* End XCConfigurationList section */
	};
	rootObject = 82E6E9161E1E3AB100E18AD3 /* Project object */;
}
